
Microsoft Visual Studio Solution File, Format Version 12.00
# Visual Studio Version 16
VisualStudioVersion = 16.0.31613.86
MinimumVisualStudioVersion = 10.0.40219.1
Project("{FAE04EC0-301F-11D3-BF4B-00C04F79EFBC}") = "StudentsManagementWinForm", "StudentsManagementWinForm.csproj", "{71934C2D-DBD4-40A7-96DB-999F4151FE98}"
EndProject
Global
	GlobalSection(SolutionConfigurationPlatforms) = preSolution
		Debug|Any CPU = Debug|Any CPU
		Release|Any CPU = Release|Any CPU
	EndGlobalSection
	GlobalSection(ProjectConfigurationPlatforms) = postSolution
		{71934C2D-DBD4-40A7-96DB-999F4151FE98}.Debug|Any CPU.ActiveCfg = Debug|Any CPU
		{71934C2D-DBD4-40A7-96DB-999F4151FE98}.Debug|Any CPU.Build.0 = Debug|Any CPU
		{71934C2D-DBD4-40A7-96DB-999F4151FE98}.Release|Any CPU.ActiveCfg = Release|Any CPU
		{71934C2D-DBD4-40A7-96DB-999F4151FE98}.Release|Any CPU.Build.0 = Release|Any CPU
	EndGlobalSection
	GlobalSection(SolutionProperties) = preSolution
		HideSolutionNode = FALSE
	EndGlobalSection
	GlobalSection(ExtensibilityGlobals) = postSolution
		SolutionGuid = {94677D0E-31D5-4BF7-B84C-E375A73B1687}
	EndGlobalSection
EndGlobal
